
Microsoft Visual Studio Solution File, Format Version 12.00
# Visual Studio Version 16
VisualStudioVersion = 16.0.31702.278
MinimumVisualStudioVersion = 10.0.40219.1
Project("{FAE04EC0-301F-11D3-BF4B-00C04F79EFBC}") = "PluginUniCode", "PluginUniCode\PluginUniCode.csproj", "{4DE33CB9-2100-4A6D-AF80-D18F94E5D56B}"
EndProject
Project("{F184B08F-C81C-45F6-A57F-5ABD9991F28F}") = "WebResources", "WebResources\WebResources.vbproj", "{329654DC-45BF-4D1C-B833-EF9689AEEF33}"
EndProject
Project("{FAE04EC0-301F-11D3-BF4B-00C04F79EFBC}") = "RoboCargadeDados", "RoboCargadeDados\RoboCargadeDados.csproj", "{1E417F1F-AFA1-4744-AFAA-8D7C4DB94851}"
EndProject
Global
	GlobalSection(SolutionConfigurationPlatforms) = preSolution
		Debug|Any CPU = Debug|Any CPU
		Release|Any CPU = Release|Any CPU
	EndGlobalSection
	GlobalSection(ProjectConfigurationPlatforms) = postSolution
		{4DE33CB9-2100-4A6D-AF80-D18F94E5D56B}.Debug|Any CPU.ActiveCfg = Debug|Any CPU
		{4DE33CB9-2100-4A6D-AF80-D18F94E5D56B}.Debug|Any CPU.Build.0 = Debug|Any CPU
		{4DE33CB9-2100-4A6D-AF80-D18F94E5D56B}.Release|Any CPU.ActiveCfg = Release|Any CPU
		{4DE33CB9-2100-4A6D-AF80-D18F94E5D56B}.Release|Any CPU.Build.0 = Release|Any CPU
		{329654DC-45BF-4D1C-B833-EF9689AEEF33}.Debug|Any CPU.ActiveCfg = Debug|Any CPU
		{329654DC-45BF-4D1C-B833-EF9689AEEF33}.Debug|Any CPU.Build.0 = Debug|Any CPU
		{329654DC-45BF-4D1C-B833-EF9689AEEF33}.Release|Any CPU.ActiveCfg = Release|Any CPU
		{329654DC-45BF-4D1C-B833-EF9689AEEF33}.Release|Any CPU.Build.0 = Release|Any CPU
		{1E417F1F-AFA1-4744-AFAA-8D7C4DB94851}.Debug|Any CPU.ActiveCfg = Debug|Any CPU
		{1E417F1F-AFA1-4744-AFAA-8D7C4DB94851}.Debug|Any CPU.Build.0 = Debug|Any CPU
		{1E417F1F-AFA1-4744-AFAA-8D7C4DB94851}.Release|Any CPU.ActiveCfg = Release|Any CPU
		{1E417F1F-AFA1-4744-AFAA-8D7C4DB94851}.Release|Any CPU.Build.0 = Release|Any CPU
	EndGlobalSection
	GlobalSection(SolutionProperties) = preSolution
		HideSolutionNode = FALSE
	EndGlobalSection
	GlobalSection(ExtensibilityGlobals) = postSolution
		SolutionGuid = {9712C4F7-3025-4285-B866-58A6554D6DAB}
	EndGlobalSection
EndGlobal
